// !$*UTF8*$!
{
	archiveVersion = 1;
	classes = {
	};
	objectVersion = 46;
	objects = {

/* Begin PBXBuildFile section */
		23269EAD20CB5A2B0016D399 /* RunSorting.swift in Sources */ = {isa = PBXBuildFile; fileRef = 23269EAC20CB5A2B0016D399 /* RunSorting.swift */; };
		23269EAF20CC1A1F0016D399 /* SetSorting.swift in Sources */ = {isa = PBXBuildFile; fileRef = 23269EAE20CC1A1F0016D399 /* SetSorting.swift */; };
		232EA3B320BF753B00263776 /* AppDelegate.swift in Sources */ = {isa = PBXBuildFile; fileRef = 232EA3B220BF753B00263776 /* AppDelegate.swift */; };
		232EA3B520BF753B00263776 /* ViewController.swift in Sources */ = {isa = PBXBuildFile; fileRef = 232EA3B420BF753B00263776 /* ViewController.swift */; };
		232EA3B820BF753B00263776 /* Main.storyboard in Resources */ = {isa = PBXBuildFile; fileRef = 232EA3B620BF753B00263776 /* Main.storyboard */; };
		232EA3BA20BF753B00263776 /* Assets.xcassets in Resources */ = {isa = PBXBuildFile; fileRef = 232EA3B920BF753B00263776 /* Assets.xcassets */; };
		232EA3BD20BF753B00263776 /* LaunchScreen.storyboard in Resources */ = {isa = PBXBuildFile; fileRef = 232EA3BB20BF753B00263776 /* LaunchScreen.storyboard */; };
		232EA3C820BF753B00263776 /* PayMeTests.swift in Sources */ = {isa = PBXBuildFile; fileRef = 232EA3C720BF753B00263776 /* PayMeTests.swift */; };
		232EA3D320BF753B00263776 /* PayMeUITests.swift in Sources */ = {isa = PBXBuildFile; fileRef = 232EA3D220BF753B00263776 /* PayMeUITests.swift */; };
		232EA3E220BF758600263776 /* Card.swift in Sources */ = {isa = PBXBuildFile; fileRef = 232EA3E120BF758600263776 /* Card.swift */; };
		232EA3E420BF7ED300263776 /* Deck.swift in Sources */ = {isa = PBXBuildFile; fileRef = 232EA3E320BF7ED300263776 /* Deck.swift */; };
		232EA3E620BF8B5500263776 /* Player.swift in Sources */ = {isa = PBXBuildFile; fileRef = 232EA3E520BF8B5500263776 /* Player.swift */; };
		232EA3E820C35C7D00263776 /* Hand.swift in Sources */ = {isa = PBXBuildFile; fileRef = 232EA3E720C35C7D00263776 /* Hand.swift */; };
		237C65E120C3733500B64DB5 /* Faces in Resources */ = {isa = PBXBuildFile; fileRef = 237C65E020C3733500B64DB5 /* Faces */; };
		237C65E320C3735800B64DB5 /* Backs in Resources */ = {isa = PBXBuildFile; fileRef = 237C65E220C3735800B64DB5 /* Backs */; };
		237C65E720C374FD00B64DB5 /* CardView.swift in Sources */ = {isa = PBXBuildFile; fileRef = 237C65E620C374FD00B64DB5 /* CardView.swift */; };
/* End PBXBuildFile section */

/* Begin PBXContainerItemProxy section */
		232EA3C420BF753B00263776 /* PBXContainerItemProxy */ = {
			isa = PBXContainerItemProxy;
			containerPortal = 232EA3A720BF753B00263776 /* Project object */;
			proxyType = 1;
			remoteGlobalIDString = 232EA3AE20BF753B00263776;
			remoteInfo = PayMe;
		};
		232EA3CF20BF753B00263776 /* PBXContainerItemProxy */ = {
			isa = PBXContainerItemProxy;
			containerPortal = 232EA3A720BF753B00263776 /* Project object */;
			proxyType = 1;
			remoteGlobalIDString = 232EA3AE20BF753B00263776;
			remoteInfo = PayMe;
		};
/* End PBXContainerItemProxy section */

/* Begin PBXFileReference section */
		23269EAC20CB5A2B0016D399 /* RunSorting.swift */ = {isa = PBXFileReference; lastKnownFileType = sourcecode.swift; path = RunSorting.swift; sourceTree = "<group>"; };
		23269EAE20CC1A1F0016D399 /* SetSorting.swift */ = {isa = PBXFileReference; lastKnownFileType = sourcecode.swift; path = SetSorting.swift; sourceTree = "<group>"; };
		232EA3AF20BF753B00263776 /* PayMe.app */ = {isa = PBXFileReference; explicitFileType = wrapper.application; includeInIndex = 0; path = PayMe.app; sourceTree = BUILT_PRODUCTS_DIR; };
		232EA3B220BF753B00263776 /* AppDelegate.swift */ = {isa = PBXFileReference; lastKnownFileType = sourcecode.swift; path = AppDelegate.swift; sourceTree = "<group>"; };
		232EA3B420BF753B00263776 /* ViewController.swift */ = {isa = PBXFileReference; lastKnownFileType = sourcecode.swift; path = ViewController.swift; sourceTree = "<group>"; };
		232EA3B720BF753B00263776 /* Base */ = {isa = PBXFileReference; lastKnownFileType = file.storyboard; name = Base; path = Base.lproj/Main.storyboard; sourceTree = "<group>"; };
		232EA3B920BF753B00263776 /* Assets.xcassets */ = {isa = PBXFileReference; lastKnownFileType = folder.assetcatalog; path = Assets.xcassets; sourceTree = "<group>"; };
		232EA3BC20BF753B00263776 /* Base */ = {isa = PBXFileReference; lastKnownFileType = file.storyboard; name = Base; path = Base.lproj/LaunchScreen.storyboard; sourceTree = "<group>"; };
		232EA3BE20BF753B00263776 /* Info.plist */ = {isa = PBXFileReference; lastKnownFileType = text.plist.xml; path = Info.plist; sourceTree = "<group>"; };
		232EA3C320BF753B00263776 /* PayMeTests.xctest */ = {isa = PBXFileReference; explicitFileType = wrapper.cfbundle; includeInIndex = 0; path = PayMeTests.xctest; sourceTree = BUILT_PRODUCTS_DIR; };
		232EA3C720BF753B00263776 /* PayMeTests.swift */ = {isa = PBXFileReference; lastKnownFileType = sourcecode.swift; path = PayMeTests.swift; sourceTree = "<group>"; };
		232EA3C920BF753B00263776 /* Info.plist */ = {isa = PBXFileReference; lastKnownFileType = text.plist.xml; path = Info.plist; sourceTree = "<group>"; };
		232EA3CE20BF753B00263776 /* PayMeUITests.xctest */ = {isa = PBXFileReference; explicitFileType = wrapper.cfbundle; includeInIndex = 0; path = PayMeUITests.xctest; sourceTree = BUILT_PRODUCTS_DIR; };
		232EA3D220BF753B00263776 /* PayMeUITests.swift */ = {isa = PBXFileReference; lastKnownFileType = sourcecode.swift; path = PayMeUITests.swift; sourceTree = "<group>"; };
		232EA3D420BF753B00263776 /* Info.plist */ = {isa = PBXFileReference; lastKnownFileType = text.plist.xml; path = Info.plist; sourceTree = "<group>"; };
		232EA3E120BF758600263776 /* Card.swift */ = {isa = PBXFileReference; fileEncoding = 4; lastKnownFileType = sourcecode.swift; path = Card.swift; sourceTree = "<group>"; };
		232EA3E320BF7ED300263776 /* Deck.swift */ = {isa = PBXFileReference; fileEncoding = 4; lastKnownFileType = sourcecode.swift; path = Deck.swift; sourceTree = "<group>"; };
		232EA3E520BF8B5500263776 /* Player.swift */ = {isa = PBXFileReference; fileEncoding = 4; lastKnownFileType = sourcecode.swift; path = Player.swift; sourceTree = "<group>"; };
		232EA3E720C35C7D00263776 /* Hand.swift */ = {isa = PBXFileReference; fileEncoding = 4; lastKnownFileType = sourcecode.swift; path = Hand.swift; sourceTree = "<group>"; };
		237C65E020C3733500B64DB5 /* Faces */ = {isa = PBXFileReference; lastKnownFileType = folder; name = Faces; path = Images/Faces; sourceTree = "<group>"; };
		237C65E220C3735800B64DB5 /* Backs */ = {isa = PBXFileReference; lastKnownFileType = folder; name = Backs; path = Images/Backs; sourceTree = "<group>"; };
		237C65E620C374FD00B64DB5 /* CardView.swift */ = {isa = PBXFileReference; fileEncoding = 4; lastKnownFileType = sourcecode.swift; path = CardView.swift; sourceTree = "<group>"; };
/* End PBXFileReference section */

/* Begin PBXFrameworksBuildPhase section */
		232EA3AC20BF753B00263776 /* Frameworks */ = {
			isa = PBXFrameworksBuildPhase;
			buildActionMask = 2147483647;
			files = (
			);
			runOnlyForDeploymentPostprocessing = 0;
		};
		232EA3C020BF753B00263776 /* Frameworks */ = {
			isa = PBXFrameworksBuildPhase;
			buildActionMask = 2147483647;
			files = (
			);
			runOnlyForDeploymentPostprocessing = 0;
		};
		232EA3CB20BF753B00263776 /* Frameworks */ = {
			isa = PBXFrameworksBuildPhase;
			buildActionMask = 2147483647;
			files = (
			);
			runOnlyForDeploymentPostprocessing = 0;
		};
/* End PBXFrameworksBuildPhase section */

/* Begin PBXGroup section */
		232EA3A620BF753B00263776 = {
			isa = PBXGroup;
			children = (
				232EA3B120BF753B00263776 /* PayMe */,
				232EA3C620BF753B00263776 /* PayMeTests */,
				232EA3D120BF753B00263776 /* PayMeUITests */,
				232EA3B020BF753B00263776 /* Products */,
			);
			sourceTree = "<group>";
		};
		232EA3B020BF753B00263776 /* Products */ = {
			isa = PBXGroup;
			children = (
				232EA3AF20BF753B00263776 /* PayMe.app */,
				232EA3C320BF753B00263776 /* PayMeTests.xctest */,
				232EA3CE20BF753B00263776 /* PayMeUITests.xctest */,
			);
			name = Products;
			sourceTree = "<group>";
		};
		232EA3B120BF753B00263776 /* PayMe */ = {
			isa = PBXGroup;
			children = (
				232EA3B220BF753B00263776 /* AppDelegate.swift */,
				232EA3B420BF753B00263776 /* ViewController.swift */,
				237C655F20C36E7F00B64DB5 /* Images */,
				232EA3E020BF757000263776 /* Models */,
				237C65E520C374E600B64DB5 /* Views */,
				232EA3B620BF753B00263776 /* Main.storyboard */,
				232EA3B920BF753B00263776 /* Assets.xcassets */,
				232EA3BB20BF753B00263776 /* LaunchScreen.storyboard */,
				232EA3BE20BF753B00263776 /* Info.plist */,
			);
			path = PayMe;
			sourceTree = "<group>";
		};
		232EA3C620BF753B00263776 /* PayMeTests */ = {
			isa = PBXGroup;
			children = (
				232EA3C720BF753B00263776 /* PayMeTests.swift */,
				232EA3C920BF753B00263776 /* Info.plist */,
			);
			path = PayMeTests;
			sourceTree = "<group>";
		};
		232EA3D120BF753B00263776 /* PayMeUITests */ = {
			isa = PBXGroup;
			children = (
				232EA3D220BF753B00263776 /* PayMeUITests.swift */,
				232EA3D420BF753B00263776 /* Info.plist */,
			);
			path = PayMeUITests;
			sourceTree = "<group>";
		};
		232EA3E020BF757000263776 /* Models */ = {
			isa = PBXGroup;
			children = (
				232EA3E120BF758600263776 /* Card.swift */,
				232EA3E320BF7ED300263776 /* Deck.swift */,
				232EA3E720C35C7D00263776 /* Hand.swift */,
				232EA3E520BF8B5500263776 /* Player.swift */,
				23269EAC20CB5A2B0016D399 /* RunSorting.swift */,
				23269EAE20CC1A1F0016D399 /* SetSorting.swift */,
			);
			name = Models;
			sourceTree = "<group>";
		};
		237C655F20C36E7F00B64DB5 /* Images */ = {
			isa = PBXGroup;
			children = (
				237C65E220C3735800B64DB5 /* Backs */,
				237C65E020C3733500B64DB5 /* Faces */,
			);
			name = Images;
			sourceTree = "<group>";
		};
		237C65E520C374E600B64DB5 /* Views */ = {
			isa = PBXGroup;
			children = (
				237C65E620C374FD00B64DB5 /* CardView.swift */,
			);
			name = Views;
			sourceTree = "<group>";
		};
/* End PBXGroup section */

/* Begin PBXNativeTarget section */
		232EA3AE20BF753B00263776 /* PayMe */ = {
			isa = PBXNativeTarget;
			buildConfigurationList = 232EA3D720BF753B00263776 /* Build configuration list for PBXNativeTarget "PayMe" */;
			buildPhases = (
				232EA3AB20BF753B00263776 /* Sources */,
				232EA3AC20BF753B00263776 /* Frameworks */,
				232EA3AD20BF753B00263776 /* Resources */,
			);
			buildRules = (
			);
			dependencies = (
			);
			name = PayMe;
			productName = PayMe;
			productReference = 232EA3AF20BF753B00263776 /* PayMe.app */;
			productType = "com.apple.product-type.application";
		};
		232EA3C220BF753B00263776 /* PayMeTests */ = {
			isa = PBXNativeTarget;
			buildConfigurationList = 232EA3DA20BF753B00263776 /* Build configuration list for PBXNativeTarget "PayMeTests" */;
			buildPhases = (
				232EA3BF20BF753B00263776 /* Sources */,
				232EA3C020BF753B00263776 /* Frameworks */,
				232EA3C120BF753B00263776 /* Resources */,
			);
			buildRules = (
			);
			dependencies = (
				232EA3C520BF753B00263776 /* PBXTargetDependency */,
			);
			name = PayMeTests;
			productName = PayMeTests;
			productReference = 232EA3C320BF753B00263776 /* PayMeTests.xctest */;
			productType = "com.apple.product-type.bundle.unit-test";
		};
		232EA3CD20BF753B00263776 /* PayMeUITests */ = {
			isa = PBXNativeTarget;
			buildConfigurationList = 232EA3DD20BF753B00263776 /* Build configuration list for PBXNativeTarget "PayMeUITests" */;
			buildPhases = (
				232EA3CA20BF753B00263776 /* Sources */,
				232EA3CB20BF753B00263776 /* Frameworks */,
				232EA3CC20BF753B00263776 /* Resources */,
			);
			buildRules = (
			);
			dependencies = (
				232EA3D020BF753B00263776 /* PBXTargetDependency */,
			);
			name = PayMeUITests;
			productName = PayMeUITests;
			productReference = 232EA3CE20BF753B00263776 /* PayMeUITests.xctest */;
			productType = "com.apple.product-type.bundle.ui-testing";
		};
/* End PBXNativeTarget section */

/* Begin PBXProject section */
		232EA3A720BF753B00263776 /* Project object */ = {
			isa = PBXProject;
			attributes = {
				LastSwiftUpdateCheck = 0830;
				LastUpgradeCheck = 0940;
				ORGANIZATIONNAME = "Maggie Casale";
				TargetAttributes = {
					232EA3AE20BF753B00263776 = {
						CreatedOnToolsVersion = 8.3.3;
						LastSwiftMigration = 0940;
						ProvisioningStyle = Automatic;
					};
					232EA3C220BF753B00263776 = {
						CreatedOnToolsVersion = 8.3.3;
						LastSwiftMigration = 0940;
						ProvisioningStyle = Automatic;
						TestTargetID = 232EA3AE20BF753B00263776;
					};
					232EA3CD20BF753B00263776 = {
						CreatedOnToolsVersion = 8.3.3;
						LastSwiftMigration = 0940;
						ProvisioningStyle = Automatic;
						TestTargetID = 232EA3AE20BF753B00263776;
					};
				};
			};
			buildConfigurationList = 232EA3AA20BF753B00263776 /* Build configuration list for PBXProject "PayMe" */;
			compatibilityVersion = "Xcode 3.2";
			developmentRegion = English;
			hasScannedForEncodings = 0;
			knownRegions = (
				en,
				Base,
			);
			mainGroup = 232EA3A620BF753B00263776;
			productRefGroup = 232EA3B020BF753B00263776 /* Products */;
			projectDirPath = "";
			projectRoot = "";
			targets = (
				232EA3AE20BF753B00263776 /* PayMe */,
				232EA3C220BF753B00263776 /* PayMeTests */,
				232EA3CD20BF753B00263776 /* PayMeUITests */,
			);
		};
/* End PBXProject section */

/* Begin PBXResourcesBuildPhase section */
		232EA3AD20BF753B00263776 /* Resources */ = {
			isa = PBXResourcesBuildPhase;
			buildActionMask = 2147483647;
			files = (
				237C65E120C3733500B64DB5 /* Faces in Resources */,
				237C65E320C3735800B64DB5 /* Backs in Resources */,
				232EA3BD20BF753B00263776 /* LaunchScreen.storyboard in Resources */,
				232EA3BA20BF753B00263776 /* Assets.xcassets in Resources */,
				232EA3B820BF753B00263776 /* Main.storyboard in Resources */,
			);
			runOnlyForDeploymentPostprocessing = 0;
		};
		232EA3C120BF753B00263776 /* Resources */ = {
			isa = PBXResourcesBuildPhase;
			buildActionMask = 2147483647;
			files = (
			);
			runOnlyForDeploymentPostprocessing = 0;
		};
		232EA3CC20BF753B00263776 /* Resources */ = {
			isa = PBXResourcesBuildPhase;
			buildActionMask = 2147483647;
			files = (
			);
			runOnlyForDeploymentPostprocessing = 0;
		};
/* End PBXResourcesBuildPhase section */

/* Begin PBXSourcesBuildPhase section */
		232EA3AB20BF753B00263776 /* Sources */ = {
			isa = PBXSourcesBuildPhase;
			buildActionMask = 2147483647;
			files = (
				237C65E720C374FD00B64DB5 /* CardView.swift in Sources */,
				232EA3E420BF7ED300263776 /* Deck.swift in Sources */,
				232EA3B520BF753B00263776 /* ViewController.swift in Sources */,
				232EA3E820C35C7D00263776 /* Hand.swift in Sources */,
				232EA3E220BF758600263776 /* Card.swift in Sources */,
				232EA3E620BF8B5500263776 /* Player.swift in Sources */,
				23269EAD20CB5A2B0016D399 /* RunSorting.swift in Sources */,
				23269EAF20CC1A1F0016D399 /* SetSorting.swift in Sources */,
				232EA3B320BF753B00263776 /* AppDelegate.swift in Sources */,
			);
			runOnlyForDeploymentPostprocessing = 0;
		};
		232EA3BF20BF753B00263776 /* Sources */ = {
			isa = PBXSourcesBuildPhase;
			buildActionMask = 2147483647;
			files = (
				232EA3C820BF753B00263776 /* PayMeTests.swift in Sources */,
			);
			runOnlyForDeploymentPostprocessing = 0;
		};
		232EA3CA20BF753B00263776 /* Sources */ = {
			isa = PBXSourcesBuildPhase;
			buildActionMask = 2147483647;
			files = (
				232EA3D320BF753B00263776 /* PayMeUITests.swift in Sources */,
			);
			runOnlyForDeploymentPostprocessing = 0;
		};
/* End PBXSourcesBuildPhase section */

/* Begin PBXTargetDependency section */
		232EA3C520BF753B00263776 /* PBXTargetDependency */ = {
			isa = PBXTargetDependency;
			target = 232EA3AE20BF753B00263776 /* PayMe */;
			targetProxy = 232EA3C420BF753B00263776 /* PBXContainerItemProxy */;
		};
		232EA3D020BF753B00263776 /* PBXTargetDependency */ = {
			isa = PBXTargetDependency;
			target = 232EA3AE20BF753B00263776 /* PayMe */;
			targetProxy = 232EA3CF20BF753B00263776 /* PBXContainerItemProxy */;
		};
/* End PBXTargetDependency section */

/* Begin PBXVariantGroup section */
		232EA3B620BF753B00263776 /* Main.storyboard */ = {
			isa = PBXVariantGroup;
			children = (
				232EA3B720BF753B00263776 /* Base */,
			);
			name = Main.storyboard;
			sourceTree = "<group>";
		};
		232EA3BB20BF753B00263776 /* LaunchScreen.storyboard */ = {
			isa = PBXVariantGroup;
			children = (
				232EA3BC20BF753B00263776 /* Base */,
			);
			name = LaunchScreen.storyboard;
			sourceTree = "<group>";
		};
/* End PBXVariantGroup section */

/* Begin XCBuildConfiguration section */
		232EA3D520BF753B00263776 /* Debug */ = {
			isa = XCBuildConfiguration;
			buildSettings = {
				ALWAYS_SEARCH_USER_PATHS = NO;
				CLANG_ANALYZER_NONNULL = YES;
				CLANG_ANALYZER_NUMBER_OBJECT_CONVERSION = YES_AGGRESSIVE;
				CLANG_CXX_LANGUAGE_STANDARD = "gnu++0x";
				CLANG_CXX_LIBRARY = "libc++";
				CLANG_ENABLE_MODULES = YES;
				CLANG_ENABLE_OBJC_ARC = YES;
				CLANG_WARN_BLOCK_CAPTURE_AUTORELEASING = YES;
				CLANG_WARN_BOOL_CONVERSION = YES;
				CLANG_WARN_COMMA = YES;
				CLANG_WARN_CONSTANT_CONVERSION = YES;
				CLANG_WARN_DEPRECATED_OBJC_IMPLEMENTATIONS = YES;
				CLANG_WARN_DIRECT_OBJC_ISA_USAGE = YES_ERROR;
				CLANG_WARN_DOCUMENTATION_COMMENTS = YES;
				CLANG_WARN_EMPTY_BODY = YES;
				CLANG_WARN_ENUM_CONVERSION = YES;
				CLANG_WARN_INFINITE_RECURSION = YES;
				CLANG_WARN_INT_CONVERSION = YES;
				CLANG_WARN_NON_LITERAL_NULL_CONVERSION = YES;
				CLANG_WARN_OBJC_IMPLICIT_RETAIN_SELF = YES;
				CLANG_WARN_OBJC_LITERAL_CONVERSION = YES;
				CLANG_WARN_OBJC_ROOT_CLASS = YES_ERROR;
				CLANG_WARN_RANGE_LOOP_ANALYSIS = YES;
				CLANG_WARN_STRICT_PROTOTYPES = YES;
				CLANG_WARN_SUSPICIOUS_MOVE = YES;
				CLANG_WARN_UNREACHABLE_CODE = YES;
				CLANG_WARN__DUPLICATE_METHOD_MATCH = YES;
				"CODE_SIGN_IDENTITY[sdk=iphoneos*]" = "iPhone Developer";
				COPY_PHASE_STRIP = NO;
				DEBUG_INFORMATION_FORMAT = dwarf;
				ENABLE_STRICT_OBJC_MSGSEND = YES;
				ENABLE_TESTABILITY = YES;
				GCC_C_LANGUAGE_STANDARD = gnu99;
				GCC_DYNAMIC_NO_PIC = NO;
				GCC_NO_COMMON_BLOCKS = YES;
				GCC_OPTIMIZATION_LEVEL = 0;
				GCC_PREPROCESSOR_DEFINITIONS = (
					"DEBUG=1",
					"$(inherited)",
				);
				GCC_WARN_64_TO_32_BIT_CONVERSION = YES;
				GCC_WARN_ABOUT_RETURN_TYPE = YES_ERROR;
				GCC_WARN_UNDECLARED_SELECTOR = YES;
				GCC_WARN_UNINITIALIZED_AUTOS = YES_AGGRESSIVE;
				GCC_WARN_UNUSED_FUNCTION = YES;
				GCC_WARN_UNUSED_VARIABLE = YES;
				IPHONEOS_DEPLOYMENT_TARGET = 10.3;
				MTL_ENABLE_DEBUG_INFO = YES;
				ONLY_ACTIVE_ARCH = YES;
				SDKROOT = iphoneos;
				SWIFT_ACTIVE_COMPILATION_CONDITIONS = DEBUG;
				SWIFT_OPTIMIZATION_LEVEL = "-Onone";
				TARGETED_DEVICE_FAMILY = "1,2";
			};
			name = Debug;
		};
		232EA3D620BF753B00263776 /* Release */ = {
			isa = XCBuildConfiguration;
			buildSettings = {
				ALWAYS_SEARCH_USER_PATHS = NO;
				CLANG_ANALYZER_NONNULL = YES;
				CLANG_ANALYZER_NUMBER_OBJECT_CONVERSION = YES_AGGRESSIVE;
				CLANG_CXX_LANGUAGE_STANDARD = "gnu++0x";
				CLANG_CXX_LIBRARY = "libc++";
				CLANG_ENABLE_MODULES = YES;
				CLANG_ENABLE_OBJC_ARC = YES;
				CLANG_WARN_BLOCK_CAPTURE_AUTORELEASING = YES;
				CLANG_WARN_BOOL_CONVERSION = YES;
				CLANG_WARN_COMMA = YES;
				CLANG_WARN_CONSTANT_CONVERSION = YES;
				CLANG_WARN_DEPRECATED_OBJC_IMPLEMENTATIONS = YES;
				CLANG_WARN_DIRECT_OBJC_ISA_USAGE = YES_ERROR;
				CLANG_WARN_DOCUMENTATION_COMMENTS = YES;
				CLANG_WARN_EMPTY_BODY = YES;
				CLANG_WARN_ENUM_CONVERSION = YES;
				CLANG_WARN_INFINITE_RECURSION = YES;
				CLANG_WARN_INT_CONVERSION = YES;
				CLANG_WARN_NON_LITERAL_NULL_CONVERSION = YES;
				CLANG_WARN_OBJC_IMPLICIT_RETAIN_SELF = YES;
				CLANG_WARN_OBJC_LITERAL_CONVERSION = YES;
				CLANG_WARN_OBJC_ROOT_CLASS = YES_ERROR;
				CLANG_WARN_RANGE_LOOP_ANALYSIS = YES;
				CLANG_WARN_STRICT_PROTOTYPES = YES;
				CLANG_WARN_SUSPICIOUS_MOVE = YES;
				CLANG_WARN_UNREACHABLE_CODE = YES;
				CLANG_WARN__DUPLICATE_METHOD_MATCH = YES;
				"CODE_SIGN_IDENTITY[sdk=iphoneos*]" = "iPhone Developer";
				COPY_PHASE_STRIP = NO;
				DEBUG_INFORMATION_FORMAT = "dwarf-with-dsym";
				ENABLE_NS_ASSERTIONS = NO;
				ENABLE_STRICT_OBJC_MSGSEND = YES;
				GCC_C_LANGUAGE_STANDARD = gnu99;
				GCC_NO_COMMON_BLOCKS = YES;
				GCC_WARN_64_TO_32_BIT_CONVERSION = YES;
				GCC_WARN_ABOUT_RETURN_TYPE = YES_ERROR;
				GCC_WARN_UNDECLARED_SELECTOR = YES;
				GCC_WARN_UNINITIALIZED_AUTOS = YES_AGGRESSIVE;
				GCC_WARN_UNUSED_FUNCTION = YES;
				GCC_WARN_UNUSED_VARIABLE = YES;
				IPHONEOS_DEPLOYMENT_TARGET = 10.3;
				MTL_ENABLE_DEBUG_INFO = NO;
				SDKROOT = iphoneos;
				SWIFT_OPTIMIZATION_LEVEL = "-Owholemodule";
				TARGETED_DEVICE_FAMILY = "1,2";
				VALIDATE_PRODUCT = YES;
			};
			name = Release;
		};
		232EA3D820BF753B00263776 /* Debug */ = {
			isa = XCBuildConfiguration;
			buildSettings = {
				ASSETCATALOG_COMPILER_APPICON_NAME = AppIcon;
				INFOPLIST_FILE = PayMe/Info.plist;
				LD_RUNPATH_SEARCH_PATHS = "$(inherited) @executable_path/Frameworks";
				PRODUCT_BUNDLE_IDENTIFIER = MaggieCasale.PayMe;
				PRODUCT_NAME = "$(TARGET_NAME)";
				SWIFT_SWIFT3_OBJC_INFERENCE = On;
				SWIFT_VERSION = 4.0;
			};
			name = Debug;
		};
		232EA3D920BF753B00263776 /* Release */ = {
			isa = XCBuildConfiguration;
			buildSettings = {
				ASSETCATALOG_COMPILER_APPICON_NAME = AppIcon;
				INFOPLIST_FILE = PayMe/Info.plist;
				LD_RUNPATH_SEARCH_PATHS = "$(inherited) @executable_path/Frameworks";
				PRODUCT_BUNDLE_IDENTIFIER = MaggieCasale.PayMe;
				PRODUCT_NAME = "$(TARGET_NAME)";
				SWIFT_SWIFT3_OBJC_INFERENCE = On;
				SWIFT_VERSION = 4.0;
			};
			name = Release;
		};
		232EA3DB20BF753B00263776 /* Debug */ = {
			isa = XCBuildConfiguration;
			buildSettings = {
				ALWAYS_EMBED_SWIFT_STANDARD_LIBRARIES = YES;
				BUNDLE_LOADER = "$(TEST_HOST)";
				INFOPLIST_FILE = PayMeTests/Info.plist;
				LD_RUNPATH_SEARCH_PATHS = "$(inherited) @executable_path/Frameworks @loader_path/Frameworks";
				PRODUCT_BUNDLE_IDENTIFIER = MaggieCasale.PayMeTests;
				PRODUCT_NAME = "$(TARGET_NAME)";
				SWIFT_SWIFT3_OBJC_INFERENCE = On;
				SWIFT_VERSION = 4.0;
				TEST_HOST = "$(BUILT_PRODUCTS_DIR)/PayMe.app/PayMe";
			};
			name = Debug;
		};
		232EA3DC20BF753B00263776 /* Release */ = {
			isa = XCBuildConfiguration;
			buildSettings = {
				ALWAYS_EMBED_SWIFT_STANDARD_LIBRARIES = YES;
				BUNDLE_LOADER = "$(TEST_HOST)";
				INFOPLIST_FILE = PayMeTests/Info.plist;
				LD_RUNPATH_SEARCH_PATHS = "$(inherited) @executable_path/Frameworks @loader_path/Frameworks";
				PRODUCT_BUNDLE_IDENTIFIER = MaggieCasale.PayMeTests;
				PRODUCT_NAME = "$(TARGET_NAME)";
				SWIFT_SWIFT3_OBJC_INFERENCE = On;
				SWIFT_VERSION = 4.0;
				TEST_HOST = "$(BUILT_PRODUCTS_DIR)/PayMe.app/PayMe";
			};
			name = Release;
		};
		232EA3DE20BF753B00263776 /* Debug */ = {
			isa = XCBuildConfiguration;
			buildSettings = {
				ALWAYS_EMBED_SWIFT_STANDARD_LIBRARIES = YES;
				INFOPLIST_FILE = PayMeUITests/Info.plist;
				LD_RUNPATH_SEARCH_PATHS = "$(inherited) @executable_path/Frameworks @loader_path/Frameworks";
				PRODUCT_BUNDLE_IDENTIFIER = MaggieCasale.PayMeUITests;
				PRODUCT_NAME = "$(TARGET_NAME)";
				SWIFT_SWIFT3_OBJC_INFERENCE = On;
				SWIFT_VERSION = 4.0;
				TEST_TARGET_NAME = PayMe;
			};
			name = Debug;
		};
		232EA3DF20BF753B00263776 /* Release */ = {
			isa = XCBuildConfiguration;
			buildSettings = {
				ALWAYS_EMBED_SWIFT_STANDARD_LIBRARIES = YES;
				INFOPLIST_FILE = PayMeUITests/Info.plist;
				LD_RUNPATH_SEARCH_PATHS = "$(inherited) @executable_path/Frameworks @loader_path/Frameworks";
				PRODUCT_BUNDLE_IDENTIFIER = MaggieCasale.PayMeUITests;
				PRODUCT_NAME = "$(TARGET_NAME)";
				SWIFT_SWIFT3_OBJC_INFERENCE = On;
				SWIFT_VERSION = 4.0;
				TEST_TARGET_NAME = PayMe;
			};
			name = Release;
		};
/* End XCBuildConfiguration section */

/* Begin XCConfigurationList section */
		232EA3AA20BF753B00263776 /* Build configuration list for PBXProject "PayMe" */ = {
			isa = XCConfigurationList;
			buildConfigurations = (
				232EA3D520BF753B00263776 /* Debug */,
				232EA3D620BF753B00263776 /* Release */,
			);
			defaultConfigurationIsVisible = 0;
			defaultConfigurationName = Release;
		};
		232EA3D720BF753B00263776 /* Build configuration list for PBXNativeTarget "PayMe" */ = {
			isa = XCConfigurationList;
			buildConfigurations = (
				232EA3D820BF753B00263776 /* Debug */,
				232EA3D920BF753B00263776 /* Release */,
			);
			defaultConfigurationIsVisible = 0;
			defaultConfigurationName = Release;
		};
		232EA3DA20BF753B00263776 /* Build configuration list for PBXNativeTarget "PayMeTests" */ = {
			isa = XCConfigurationList;
			buildConfigurations = (
				232EA3DB20BF753B00263776 /* Debug */,
				232EA3DC20BF753B00263776 /* Release */,
			);
			defaultConfigurationIsVisible = 0;
			defaultConfigurationName = Release;
		};
		232EA3DD20BF753B00263776 /* Build configuration list for PBXNativeTarget "PayMeUITests" */ = {
			isa = XCConfigurationList;
			buildConfigurations = (
				232EA3DE20BF753B00263776 /* Debug */,
				232EA3DF20BF753B00263776 /* Release */,
			);
			defaultConfigurationIsVisible = 0;
			defaultConfigurationName = Release;
		};
/* End XCConfigurationList section */
	};
	rootObject = 232EA3A720BF753B00263776 /* Project object */;
}
